{
  "name": "api-gateway-authorizers",
  "version": "1.0.0",
  "lockfileVersion": 1,
  "requires": true,
  "dependencies": {
    "@aws-amplify/analytics": {
      "version": "1.2.5",
      "resolved": "https://registry.npmjs.org/@aws-amplify/analytics/-/analytics-1.2.5.tgz",
      "integrity": "sha512-pSZT1IXS4n4jfQTkI6rUwGDZPcWc6BRH02EElJNaKrNFwU9E2FeIOElp3s0nu0fgUSNuVzyZYzO7bAcaZo8c/g==",
      "requires": {
        "@aws-amplify/cache": "^1.0.17",
        "@aws-amplify/core": "^1.0.17",
        "uuid": "^3.2.1"
      }
    },
    "@aws-amplify/api": {
      "version": "1.0.20",
      "resolved": "https://registry.npmjs.org/@aws-amplify/api/-/api-1.0.20.tgz",
      "integrity": "sha512-2k6AqClWUxpHwlhkpPEiQsPAaKfrUJ59k/Yi/Rbkdc7GENZky9C4C5t/GzMgiOXtlZnLARnac9m6w0SGROIBsQ==",
      "requires": {
        "@aws-amplify/auth": "^1.2.9",
        "@aws-amplify/cache": "^1.0.17",
        "@aws-amplify/core": "^1.0.17",
        "@types/zen-observable": "^0.5.3",
        "axios": "^0.17.0",
        "graphql": "0.13.0",
        "uuid": "^3.2.1",
        "zen-observable": "^0.8.6"
      }
    },
    "@aws-amplify/auth": {
      "version": "1.2.9",
      "resolved": "https://registry.npmjs.org/@aws-amplify/auth/-/auth-1.2.9.tgz",
      "integrity": "sha512-ySNX+OEeh3Or9sPe5NmFvmHCu3pdAVjdOLJoZmKDsyeYs1uhWTqmC7YFgu04ZeFWt/ee01K/wBLSQfbJFYHrJA==",
      "requires": {
        "@aws-amplify/cache": "^1.0.17",
        "@aws-amplify/core": "^1.0.17",
        "amazon-cognito-auth-js": "^1.1.9",
        "amazon-cognito-identity-js": "^3.0.3"
      }
    },
    "@aws-amplify/cache": {
      "version": "1.0.17",
      "resolved": "https://registry.npmjs.org/@aws-amplify/cache/-/cache-1.0.17.tgz",
      "integrity": "sha512-jL7M2HkLPxnOgkBOnvvuTKl57pK53IOYMQGbb2Qpr+WUFljSRi9S1hws3dyqJ0AEFP1iYFQpLfRYinmwyeKJIg==",
      "requires": {
        "@aws-amplify/core": "^1.0.17"
      }
    },
    "@aws-amplify/core": {
      "version": "1.0.17",
      "resolved": "https://registry.npmjs.org/@aws-amplify/core/-/core-1.0.17.tgz",
      "integrity": "sha512-kyUoqFmz098jZGTSj0olGwScudy4OI5alHtAfyobbZVrKq+O8RDuv2vBbrfKQWKD/fqKhg2cMlsIbdC+ij/jSw==",
      "requires": {
        "aws-sdk": "2.329.0",
        "url": "^0.11.0"
      },
      "dependencies": {
        "aws-sdk": {
          "version": "2.329.0",
          "resolved": "https://registry.npmjs.org/aws-sdk/-/aws-sdk-2.329.0.tgz",
          "integrity": "sha512-5yti9jyL6QL8CP5LGKX3uyrQcLAvLk6kyMZ749+F68IsutFKi0DaYxjxqx7lqWfzCSH3Z5REJ+XeywJLQ2tqfQ==",
          "requires": {
            "buffer": "4.9.1",
            "events": "1.1.1",
            "ieee754": "1.1.8",
            "jmespath": "0.15.0",
            "querystring": "0.2.0",
            "sax": "1.2.1",
            "url": "0.10.3",
            "uuid": "3.1.0",
            "xml2js": "0.4.19"
          },
          "dependencies": {
            "url": {
              "version": "0.10.3",
              "resolved": "https://registry.npmjs.org/url/-/url-0.10.3.tgz",
              "integrity": "sha1-Ah5NnHcF8hu/N9A861h2dAJ3TGQ=",
              "requires": {
                "punycode": "1.3.2",
                "querystring": "0.2.0"
              }
            }
          }
        },
        "ieee754": {
          "version": "1.1.8",
          "resolved": "https://registry.npmjs.org/ieee754/-/ieee754-1.1.8.tgz",
          "integrity": "sha1-vjPUCsEO8ZJnAfbwii2G+/0a0+Q="
        },
        "uuid": {
          "version": "3.1.0",
          "resolved": "https://registry.npmjs.org/uuid/-/uuid-3.1.0.tgz",
          "integrity": "sha512-DIWtzUkw04M4k3bf1IcpS2tngXEL26YUD2M0tMDUpnUrz2hgzUBlD55a4FjdLGPvfHxS6uluGWvaVEqgBcVa+g=="
        }
      }
    },
    "@aws-amplify/interactions": {
      "version": "1.0.17",
      "resolved": "https://registry.npmjs.org/@aws-amplify/interactions/-/interactions-1.0.17.tgz",
      "integrity": "sha512-AuQ71nMhI+3Rs1ZRGHqFmLDGrqbOEuYX1CrxL5Yd3SfWOyMur937wA76wvEtOGwRtsdSYT+oIu+IKWuR5nqm/A==",
      "requires": {
        "@aws-amplify/core": "^1.0.17"
      }
    },
    "@aws-amplify/pubsub": {
      "version": "1.0.17",
      "resolved": "https://registry.npmjs.org/@aws-amplify/pubsub/-/pubsub-1.0.17.tgz",
      "integrity": "sha512-kSFeS/0nymH4kNpSgJCVi3qdPR3/zwraxoaAER+De85jeAICa7PTbakG/7HyQGF0gRVIxQ5OuVCnl3LVJ+df4Q==",
      "requires": {
        "@aws-amplify/core": "^1.0.17",
        "@types/zen-observable": "^0.5.3",
        "uuid": "^3.2.1",
        "zen-observable": "^0.8.6"
      }
    },
    "@aws-amplify/storage": {
      "version": "1.0.18",
      "resolved": "https://registry.npmjs.org/@aws-amplify/storage/-/storage-1.0.18.tgz",
      "integrity": "sha512-ukcW3Ny80ezw/dlaGFaeYvzTqkRPzjNobXP01Pt4kdlXqLYYqZkJXzv6g+6/UXUy90iYh7onNpRv5K7wXainyQ==",
      "requires": {
        "@aws-amplify/core": "^1.0.17"
      }
    },
    "@aws-amplify/xr": {
      "version": "0.1.7",
      "resolved": "https://registry.npmjs.org/@aws-amplify/xr/-/xr-0.1.7.tgz",
      "integrity": "sha512-4WEp9mDt9MU9U+yKme8eww266onRolT2yjYVVjzJIgvrR44+dGPLW6a8dHdRBhTVV7VmxoMJWAQTX+y1PGW8bQ==",
      "requires": {
        "@aws-amplify/core": "^1.0.17"
      }
    },
    "@types/zen-observable": {
      "version": "0.5.4",
      "resolved": "https://registry.npmjs.org/@types/zen-observable/-/zen-observable-0.5.4.tgz",
      "integrity": "sha512-sW6xN96wUak4tgc89d0tbTg7QDGYhGv5hvQIS6h4mRCd8h2btiZ80loPU8cyLwsBbA4ZeQt0FjvUhJ4rNhdsGg=="
    },
    "amazon-cognito-auth-js": {
      "version": "1.2.4",
      "resolved": "https://registry.npmjs.org/amazon-cognito-auth-js/-/amazon-cognito-auth-js-1.2.4.tgz",
      "integrity": "sha512-Walq6lIHB+MBOEfg0RBezURTDBKvUO4H9xpW2DBLZT3aDTF+p8awKHe2AujdHYItkefOhdjwu4GqjFgo4RkG+A==",
      "requires": {
        "js-cookie": "^2.1.4"
      }
    },
    "amazon-cognito-identity-js": {
      "version": "3.0.3",
      "resolved": "https://registry.npmjs.org/amazon-cognito-identity-js/-/amazon-cognito-identity-js-3.0.3.tgz",
      "integrity": "sha512-zRhhJrei4qj5k7obD2B3aCEk06mVoa1yZQk4P+pjHkUfsHSAqewpJ/IhymDYeQjB396evvKIGjxKPjLVguRYRw==",
      "requires": {
        "buffer": "4.9.1",
        "crypto-js": "^3.1.9-1",
        "js-cookie": "^2.1.4"
      }
    },
    "aws-amplify": {
      "version": "1.1.9",
      "resolved": "https://registry.npmjs.org/aws-amplify/-/aws-amplify-1.1.9.tgz",
      "integrity": "sha512-QoOEH7wfRKYumWsAV8T1aLPaiVrKeOFWc2cnzj2sybcdVugUxrKdQU1mQvGj0eZTsUDV+zTe78FQMfEFKrcJaQ==",
      "requires": {
        "@aws-amplify/analytics": "^1.2.5",
        "@aws-amplify/api": "^1.0.20",
        "@aws-amplify/auth": "^1.2.9",
        "@aws-amplify/cache": "^1.0.17",
        "@aws-amplify/core": "^1.0.17",
        "@aws-amplify/interactions": "^1.0.17",
        "@aws-amplify/pubsub": "^1.0.17",
        "@aws-amplify/storage": "^1.0.18",
        "@aws-amplify/xr": "^0.1.7"
      }
    },
    "aws-sdk": {
      "version": "2.814.0",
      "resolved": "https://registry.npmjs.org/aws-sdk/-/aws-sdk-2.814.0.tgz",
      "integrity": "sha512-empd1m/J/MAkL6d9OeRpmg9thobULu0wk4v8W3JToaxGi2TD7PIdvE6yliZKyOVAdJINhBWEBhxR4OUIHhcGbQ==",
      "requires": {
        "buffer": "4.9.2",
        "events": "1.1.1",
        "ieee754": "1.1.13",
        "jmespath": "0.15.0",
        "querystring": "0.2.0",
        "sax": "1.2.1",
        "url": "0.10.3",
        "uuid": "3.3.2",
        "xml2js": "0.4.19"
      },
      "dependencies": {
        "buffer": {
          "version": "4.9.2",
          "resolved": "http://registry.npmjs.org/buffer/-/buffer-4.9.2.tgz",
          "integrity": "sha512-xq+q3SRMOxGivLhBNaUdC64hDTQwejJ+H0T/NB1XMtTVEwNTrfFF3gAxiyW0Bu/xWEGhjVKgUcMhCrUy2+uCWg==",
          "requires": {
            "base64-js": "^1.0.2",
            "ieee754": "^1.1.4",
            "isarray": "^1.0.0"
          }
        },
        "ieee754": {
          "version": "1.1.13",
          "resolved": "https://registry.npmjs.org/ieee754/-/ieee754-1.1.13.tgz",
          "integrity": "sha512-4vf7I2LYV/HaWerSo3XmlMkp5eZ83i+/CDluXi/IGTs/O1sejBNhTtnxzmRZfvOUqj7lZjqHkeTvpgSFDlWZTg=="
        },
        "url": {
          "version": "0.10.3",
          "resolved": "https://registry.npmjs.org/url/-/url-0.10.3.tgz",
          "integrity": "sha1-Ah5NnHcF8hu/N9A861h2dAJ3TGQ=",
          "requires": {
            "punycode": "1.3.2",
            "querystring": "0.2.0"
          }
        }
      }
    },
    "axios": {
      "version": "0.17.1",
      "resolved": "https://registry.npmjs.org/axios/-/axios-0.17.1.tgz",
      "integrity": "sha1-LY4+XQvb1zJ/kbyBT1xXZg+Bgk0=",
      "requires": {
        "follow-redirects": "^1.2.5",
        "is-buffer": "^1.1.5"
      }
    },
    "base64-js": {
      "version": "1.3.0",
      "resolved": "https://registry.npmjs.org/base64-js/-/base64-js-1.3.0.tgz",
      "integrity": "sha512-ccav/yGvoa80BQDljCxsmmQ3Xvx60/UpBIij5QN21W3wBi/hhIC9OoO+KLpu9IJTS9j4DRVJ3aDDF9cMSoa2lw=="
    },
    "buffer": {
      "version": "4.9.1",
      "resolved": "http://registry.npmjs.org/buffer/-/buffer-4.9.1.tgz",
      "integrity": "sha1-bRu2AbB6TvztlwlBMgkwJ8lbwpg=",
      "requires": {
        "base64-js": "^1.0.2",
        "ieee754": "^1.1.4",
        "isarray": "^1.0.0"
      }
    },
    "buffer-equal-constant-time": {
      "version": "1.0.1",
      "resolved": "https://registry.npmjs.org/buffer-equal-constant-time/-/buffer-equal-constant-time-1.0.1.tgz",
      "integrity": "sha1-+OcRMvf/5uAaXJaXpMbz5I1cyBk="
    },
    "crypto-js": {
      "version": "3.1.9-1",
      "resolved": "https://registry.npmjs.org/crypto-js/-/crypto-js-3.1.9-1.tgz",
      "integrity": "sha1-/aGedh/Ad+Af+/3G6f38WeiAbNg="
    },
    "ecdsa-sig-formatter": {
      "version": "1.0.10",
      "resolved": "https://registry.npmjs.org/ecdsa-sig-formatter/-/ecdsa-sig-formatter-1.0.10.tgz",
      "integrity": "sha1-HFlQAPBKiJffuFAAiSoPTDOvhsM=",
      "requires": {
        "safe-buffer": "^5.0.1"
      }
    },
    "events": {
      "version": "1.1.1",
      "resolved": "http://registry.npmjs.org/events/-/events-1.1.1.tgz",
      "integrity": "sha1-nr23Y1rQmccNzEwqH1AEKI6L2SQ="
    },
    "follow-redirects": {
      "version": "1.14.7",
      "resolved": "https://registry.npmjs.org/follow-redirects/-/follow-redirects-1.14.7.tgz",
      "integrity": "sha512-+hbxoLbFMbRKDwohX8GkTataGqO6Jb7jGwpAlwgy2bIz25XtRm7KEzJM76R1WiNT5SwZkX4Y75SwBolkpmE7iQ=="
    },
    "graphql": {
      "version": "0.13.0",
      "resolved": "http://registry.npmjs.org/graphql/-/graphql-0.13.0.tgz",
      "integrity": "sha512-WlO+ZJT9aY3YrBT+H5Kk+eVb3OVVehB9iRD/xqeHdmrrn4AFl5FIcOpfHz/vnBr6Y6JthGMlnFqU8XRnDjSR7A==",
      "requires": {
        "iterall": "1.1.x"
      }
    },
    "ieee754": {
      "version": "1.1.12",
      "resolved": "https://registry.npmjs.org/ieee754/-/ieee754-1.1.12.tgz",
      "integrity": "sha512-GguP+DRY+pJ3soyIiGPTvdiVXjZ+DbXOxGpXn3eMvNW4x4irjqXm4wHKscC+TfxSJ0yw/S1F24tqdMNsMZTiLA=="
    },
    "is-buffer": {
      "version": "1.1.6",
      "resolved": "https://registry.npmjs.org/is-buffer/-/is-buffer-1.1.6.tgz",
      "integrity": "sha512-NcdALwpXkTm5Zvvbk7owOUSvVvBKDgKP5/ewfXEznmQFfs4ZRmanOeKBTjRVjka3QFoN6XJ+9F3USqfHqTaU5w=="
    },
    "isarray": {
      "version": "1.0.0",
      "resolved": "https://registry.npmjs.org/isarray/-/isarray-1.0.0.tgz",
      "integrity": "sha1-u5NdSFgsuhaMBoNJV6VKPgcSTxE="
    },
    "iterall": {
      "version": "1.1.4",
      "resolved": "https://registry.npmjs.org/iterall/-/iterall-1.1.4.tgz",
      "integrity": "sha512-eaDsM/PY8D/X5mYQhecVc5/9xvSHED7yPON+ffQroBeTuqUVm7dfphMkK8NksXuImqZlVRoKtrNfMIVCYIqaUQ=="
    },
    "jmespath": {
      "version": "0.15.0",
      "resolved": "https://registry.npmjs.org/jmespath/-/jmespath-0.15.0.tgz",
      "integrity": "sha1-o/Iiqarp+Wb10nx5ZRDigJF2Qhc="
    },
    "js-cookie": {
      "version": "2.2.0",
      "resolved": "https://registry.npmjs.org/js-cookie/-/js-cookie-2.2.0.tgz",
      "integrity": "sha1-Gywnmm7s44ChIWi5JIUmWzWx7/s="
    },
    "jsonwebtoken": {
      "version": "8.3.0",
      "resolved": "https://registry.npmjs.org/jsonwebtoken/-/jsonwebtoken-8.3.0.tgz",
      "integrity": "sha512-oge/hvlmeJCH+iIz1DwcO7vKPkNGJHhgkspk8OH3VKlw+mbi42WtD4ig1+VXRln765vxptAv+xT26Fd3cteqag==",
      "requires": {
        "jws": "^3.1.5",
        "lodash.includes": "^4.3.0",
        "lodash.isboolean": "^3.0.3",
        "lodash.isinteger": "^4.0.4",
        "lodash.isnumber": "^3.0.3",
        "lodash.isplainobject": "^4.0.6",
        "lodash.isstring": "^4.0.1",
        "lodash.once": "^4.0.0",
        "ms": "^2.1.1"
      },
      "dependencies": {
        "ms": {
          "version": "2.1.1",
          "resolved": "https://registry.npmjs.org/ms/-/ms-2.1.1.tgz",
          "integrity": "sha512-tgp+dl5cGk28utYktBsrFqA7HKgrhgPsg6Z/EfhWI4gl1Hwq8B/GmY/0oXZ6nF8hDVesS/FpnYaD/kOWhYQvyg=="
        }
      }
    },
    "jwa": {
      "version": "1.1.6",
      "resolved": "https://registry.npmjs.org/jwa/-/jwa-1.1.6.tgz",
      "integrity": "sha512-tBO/cf++BUsJkYql/kBbJroKOgHWEigTKBAjjBEmrMGYd1QMBC74Hr4Wo2zCZw6ZrVhlJPvoMrkcOnlWR/DJfw==",
      "requires": {
        "buffer-equal-constant-time": "1.0.1",
        "ecdsa-sig-formatter": "1.0.10",
        "safe-buffer": "^5.0.1"
      }
    },
    "jws": {
      "version": "3.1.5",
      "resolved": "https://registry.npmjs.org/jws/-/jws-3.1.5.tgz",
      "integrity": "sha512-GsCSexFADNQUr8T5HPJvayTjvPIfoyJPtLQBwn5a4WZQchcrPMPMAWcC1AzJVRDKyD6ZPROPAxgv6rfHViO4uQ==",
      "requires": {
        "jwa": "^1.1.5",
        "safe-buffer": "^5.0.1"
      }
    },
    "lodash.includes": {
      "version": "4.3.0",
      "resolved": "https://registry.npmjs.org/lodash.includes/-/lodash.includes-4.3.0.tgz",
      "integrity": "sha1-YLuYqHy5I8aMoeUTJUgzFISfVT8="
    },
    "lodash.isboolean": {
      "version": "3.0.3",
      "resolved": "https://registry.npmjs.org/lodash.isboolean/-/lodash.isboolean-3.0.3.tgz",
      "integrity": "sha1-bC4XHbKiV82WgC/UOwGyDV9YcPY="
    },
    "lodash.isinteger": {
      "version": "4.0.4",
      "resolved": "https://registry.npmjs.org/lodash.isinteger/-/lodash.isinteger-4.0.4.tgz",
      "integrity": "sha1-YZwK89A/iwTDH1iChAt3sRzWg0M="
    },
    "lodash.isnumber": {
      "version": "3.0.3",
      "resolved": "https://registry.npmjs.org/lodash.isnumber/-/lodash.isnumber-3.0.3.tgz",
      "integrity": "sha1-POdoEMWSjQM1IwGsKHMX8RwLH/w="
    },
    "lodash.isplainobject": {
      "version": "4.0.6",
      "resolved": "https://registry.npmjs.org/lodash.isplainobject/-/lodash.isplainobject-4.0.6.tgz",
      "integrity": "sha1-fFJqUtibRcRcxpC4gWO+BJf1UMs="
    },
    "lodash.isstring": {
      "version": "4.0.1",
      "resolved": "https://registry.npmjs.org/lodash.isstring/-/lodash.isstring-4.0.1.tgz",
      "integrity": "sha1-1SfftUVuynzJu5XV2ur4i6VKVFE="
    },
    "lodash.once": {
      "version": "4.1.1",
      "resolved": "https://registry.npmjs.org/lodash.once/-/lodash.once-4.1.1.tgz",
      "integrity": "sha1-DdOXEhPHxW34gJd9UEyI+0cal6w="
    },
    "node-fetch": {
      "version": "2.6.1",
      "resolved": "https://registry.npmjs.org/node-fetch/-/node-fetch-2.6.1.tgz",
      "integrity": "sha512-V4aYg89jEoVRxRb2fJdAg8FHvI7cEyYdVAh94HH0UIK8oJxUfkjlDQN9RbMx+bEjP7+ggMiFRprSti032Oipxw=="
    },
    "punycode": {
      "version": "1.3.2",
      "resolved": "https://registry.npmjs.org/punycode/-/punycode-1.3.2.tgz",
      "integrity": "sha1-llOgNvt8HuQjQvIyXM7v6jkmxI0="
    },
    "querystring": {
      "version": "0.2.0",
      "resolved": "https://registry.npmjs.org/querystring/-/querystring-0.2.0.tgz",
      "integrity": "sha1-sgmEkgO7Jd+CDadW50cAWHhSFiA="
    },
    "safe-buffer": {
      "version": "5.1.2",
      "resolved": "https://registry.npmjs.org/safe-buffer/-/safe-buffer-5.1.2.tgz",
      "integrity": "sha512-Gd2UZBJDkXlY7GbJxfsE8/nvKkUEU1G38c1siN6QP6a9PT9MmHB8GnpscSmMJSoF8LOIrt8ud/wPtojys4G6+g=="
    },
    "sax": {
      "version": "1.2.1",
      "resolved": "http://registry.npmjs.org/sax/-/sax-1.2.1.tgz",
      "integrity": "sha1-e45lYZCyKOgaZq6nSEgNgozS03o="
    },
    "url": {
      "version": "0.11.0",
      "resolved": "https://registry.npmjs.org/url/-/url-0.11.0.tgz",
      "integrity": "sha1-ODjpfPxgUh63PFJajlW/3Z4uKPE=",
      "requires": {
        "punycode": "1.3.2",
        "querystring": "0.2.0"
      }
    },
    "uuid": {
      "version": "3.3.2",
      "resolved": "https://registry.npmjs.org/uuid/-/uuid-3.3.2.tgz",
      "integrity": "sha512-yXJmeNaw3DnnKAOKJE51sL/ZaYfWJRl1pK9dr19YFCu0ObS231AB1/LbqTKRAQ5kw8A90rA6fr4riOUpTZvQZA=="
    },
    "xml2js": {
      "version": "0.4.19",
      "resolved": "https://registry.npmjs.org/xml2js/-/xml2js-0.4.19.tgz",
      "integrity": "sha512-esZnJZJOiJR9wWKMyuvSE1y6Dq5LCuJanqhxslH2bxM6duahNZ+HMpCLhBQGZkbX6xRf8x1Y2eJlgt2q3qo49Q==",
      "requires": {
        "sax": ">=0.6.0",
        "xmlbuilder": "~9.0.1"
      }
    },
    "xmlbuilder": {
      "version": "9.0.7",
      "resolved": "http://registry.npmjs.org/xmlbuilder/-/xmlbuilder-9.0.7.tgz",
      "integrity": "sha1-Ey7mPS7FVlxVfiD0wi35rKaGsQ0="
    },
    "zen-observable": {
      "version": "0.8.11",
      "resolved": "https://registry.npmjs.org/zen-observable/-/zen-observable-0.8.11.tgz",
      "integrity": "sha512-N3xXQVr4L61rZvGMpWe8XoCGX8vhU35dPyQ4fm5CY/KDlG0F75un14hjbckPXTDuKUY6V0dqR2giT6xN8Y4GEQ=="
    }
  }
}
