{
  "name": "api-gateway-authorizers",
  "version": "1.0.0",
  "lockfileVersion": 1,
  "requires": true,
  "dependencies": {
    "@aws-amplify/analytics": {
      "version": "1.2.5",
      "resolved": "https://registry.npmjs.org/@aws-amplify/analytics/-/analytics-1.2.5.tgz",
      "integrity": "sha512-pSZT1IXS4n4jfQTkI6rUwGDZPcWc6BRH02EElJNaKrNFwU9E2FeIOElp3s0nu0fgUSNuVzyZYzO7bAcaZo8c/g==",
      "requires": {
        "@aws-amplify/cache": "^1.0.17",
        "@aws-amplify/core": "^1.0.17",
        "uuid": "^3.2.1"
      }
    },
    "@aws-amplify/api": {
      "version": "1.0.20",
      "resolved": "https://registry.npmjs.org/@aws-amplify/api/-/api-1.0.20.tgz",
      "integrity": "sha512-2k6AqClWUxpHwlhkpPEiQsPAaKfrUJ59k/Yi/Rbkdc7GENZky9C4C5t/GzMgiOXtlZnLARnac9m6w0SGROIBsQ==",
      "requires": {
        "@aws-amplify/auth": "^1.2.9",
        "@aws-amplify/cache": "^1.0.17",
        "@aws-amplify/core": "^1.0.17",
        "@types/zen-observable": "^0.5.3",
        "axios": "^0.17.0",
        "graphql": "0.13.0",
        "uuid": "^3.2.1",
        "zen-observable": "^0.8.6"
      }
    },
    "@aws-amplify/auth": {
      "version": "1.2.9",
      "resolved": "https://registry.npmjs.org/@aws-amplify/auth/-/auth-1.2.9.tgz",
      "integrity": "sha512-ySNX+OEeh3Or9sPe5NmFvmHCu3pdAVjdOLJoZmKDsyeYs1uhWTqmC7YFgu04ZeFWt/ee01K/wBLSQfbJFYHrJA==",
      "requires": {
        "@aws-amplify/cache": "^1.0.17",
        "@aws-amplify/core": "^1.0.17",
        "amazon-cognito-auth-js": "^1.1.9",
        "amazon-cognito-identity-js": "^3.0.3"
      }
    },
    "@aws-amplify/cache": {
      "version": "1.0.17",
      "resolved": "https://registry.npmjs.org/@aws-amplify/cache/-/cache-1.0.17.tgz",
      "integrity": "sha512-jL7M2HkLPxnOgkBOnvvuTKl57pK53IOYMQGbb2Qpr+WUFljSRi9S1hws3dyqJ0AEFP1iYFQpLfRYinmwyeKJIg==",
      "requires": {
        "@aws-amplify/core": "^1.0.17"
      }
    },
    "@aws-amplify/core": {
      "version": "1.3.3",
      "resolved": "https://registry.npmjs.org/@aws-amplify/core/-/core-1.3.3.tgz",
      "integrity": "sha512-NyJii+PvZ1Sb1j7w1XWJpRr9nDjB60bjb+FspCRAWjdwlxgVgpCQdhXE4F4teUtLUd22Po2boxLkyhKnuI0jwg==",
      "requires": {
        "aws-sdk": "2.518.0",
        "url": "^0.11.0"
      },
      "dependencies": {
        "aws-sdk": {
          "version": "2.518.0",
          "resolved": "https://registry.npmjs.org/aws-sdk/-/aws-sdk-2.518.0.tgz",
          "integrity": "sha512-hwtKKf93TFyd3qugDW54ElpkUXhPe+ArPIHadre6IAFjCJiv08L8DaZKLRyclDnKfTavKe+f/PhdSEYo1QUHiA==",
          "requires": {
            "buffer": "4.9.1",
            "events": "1.1.1",
            "ieee754": "1.1.8",
            "jmespath": "0.15.0",
            "querystring": "0.2.0",
            "sax": "1.2.1",
            "url": "0.10.3",
            "uuid": "3.3.2",
            "xml2js": "0.4.19"
          },
          "dependencies": {
            "url": {
              "version": "0.10.3",
              "resolved": "https://registry.npmjs.org/url/-/url-0.10.3.tgz",
              "integrity": "sha512-hzSUW2q06EqL1gKM/a+obYHLIO6ct2hwPuviqTTOcfFVc61UbfJ2Q32+uGL/HCPxKqrdGB5QUwIe7UqlDgwsOQ==",
              "requires": {
                "punycode": "1.3.2",
                "querystring": "0.2.0"
              }
            }
          }
        },
        "ieee754": {
          "version": "1.1.8",
          "resolved": "https://registry.npmjs.org/ieee754/-/ieee754-1.1.8.tgz",
          "integrity": "sha512-/aoyv2Nt7mGLnCAWzE0C1WH9Xd8ZsqR0f4Pjwxputi1JNm01+InyAYQotF4N+ulEIjbEsJo22NOHr+U/XEZ1Pw=="
        }
      }
    },
    "@aws-amplify/interactions": {
      "version": "1.0.17",
      "resolved": "https://registry.npmjs.org/@aws-amplify/interactions/-/interactions-1.0.17.tgz",
      "integrity": "sha512-AuQ71nMhI+3Rs1ZRGHqFmLDGrqbOEuYX1CrxL5Yd3SfWOyMur937wA76wvEtOGwRtsdSYT+oIu+IKWuR5nqm/A==",
      "requires": {
        "@aws-amplify/core": "^1.0.17"
      }
    },
    "@aws-amplify/pubsub": {
      "version": "1.0.17",
      "resolved": "https://registry.npmjs.org/@aws-amplify/pubsub/-/pubsub-1.0.17.tgz",
      "integrity": "sha512-kSFeS/0nymH4kNpSgJCVi3qdPR3/zwraxoaAER+De85jeAICa7PTbakG/7HyQGF0gRVIxQ5OuVCnl3LVJ+df4Q==",
      "requires": {
        "@aws-amplify/core": "^1.0.17",
        "@types/zen-observable": "^0.5.3",
        "uuid": "^3.2.1",
        "zen-observable": "^0.8.6"
      }
    },
    "@aws-amplify/storage": {
      "version": "1.0.18",
      "resolved": "https://registry.npmjs.org/@aws-amplify/storage/-/storage-1.0.18.tgz",
      "integrity": "sha512-ukcW3Ny80ezw/dlaGFaeYvzTqkRPzjNobXP01Pt4kdlXqLYYqZkJXzv6g+6/UXUy90iYh7onNpRv5K7wXainyQ==",
      "requires": {
        "@aws-amplify/core": "^1.0.17"
      }
    },
    "@aws-amplify/xr": {
      "version": "0.1.7",
      "resolved": "https://registry.npmjs.org/@aws-amplify/xr/-/xr-0.1.7.tgz",
      "integrity": "sha512-4WEp9mDt9MU9U+yKme8eww266onRolT2yjYVVjzJIgvrR44+dGPLW6a8dHdRBhTVV7VmxoMJWAQTX+y1PGW8bQ==",
      "requires": {
        "@aws-amplify/core": "^1.0.17"
      }
    },
    "@types/zen-observable": {
      "version": "0.5.4",
      "resolved": "https://registry.npmjs.org/@types/zen-observable/-/zen-observable-0.5.4.tgz",
      "integrity": "sha512-sW6xN96wUak4tgc89d0tbTg7QDGYhGv5hvQIS6h4mRCd8h2btiZ80loPU8cyLwsBbA4ZeQt0FjvUhJ4rNhdsGg=="
    },
    "amazon-cognito-auth-js": {
      "version": "1.2.4",
      "resolved": "https://registry.npmjs.org/amazon-cognito-auth-js/-/amazon-cognito-auth-js-1.2.4.tgz",
      "integrity": "sha512-Walq6lIHB+MBOEfg0RBezURTDBKvUO4H9xpW2DBLZT3aDTF+p8awKHe2AujdHYItkefOhdjwu4GqjFgo4RkG+A==",
      "requires": {
        "js-cookie": "^2.1.4"
      }
    },
    "amazon-cognito-identity-js": {
      "version": "3.0.3",
      "resolved": "https://registry.npmjs.org/amazon-cognito-identity-js/-/amazon-cognito-identity-js-3.0.3.tgz",
      "integrity": "sha512-zRhhJrei4qj5k7obD2B3aCEk06mVoa1yZQk4P+pjHkUfsHSAqewpJ/IhymDYeQjB396evvKIGjxKPjLVguRYRw==",
      "requires": {
        "buffer": "4.9.1",
        "crypto-js": "^3.1.9-1",
        "js-cookie": "^2.1.4"
      }
    },
    "available-typed-arrays": {
      "version": "1.0.5",
      "resolved": "https://registry.npmjs.org/available-typed-arrays/-/available-typed-arrays-1.0.5.tgz",
      "integrity": "sha512-DMD0KiN46eipeziST1LPP/STfDU0sufISXmjSgvVsoU2tqxctQeASejWcfNtxYKqETM1UxQ8sp2OrSBWpHY6sw=="
    },
    "aws-amplify": {
      "version": "1.1.9",
      "resolved": "https://registry.npmjs.org/aws-amplify/-/aws-amplify-1.1.9.tgz",
      "integrity": "sha512-QoOEH7wfRKYumWsAV8T1aLPaiVrKeOFWc2cnzj2sybcdVugUxrKdQU1mQvGj0eZTsUDV+zTe78FQMfEFKrcJaQ==",
      "requires": {
        "@aws-amplify/analytics": "^1.2.5",
        "@aws-amplify/api": "^1.0.20",
        "@aws-amplify/auth": "^1.2.9",
        "@aws-amplify/cache": "^1.0.17",
        "@aws-amplify/core": "^1.0.17",
        "@aws-amplify/interactions": "^1.0.17",
        "@aws-amplify/pubsub": "^1.0.17",
        "@aws-amplify/storage": "^1.0.18",
        "@aws-amplify/xr": "^0.1.7"
      }
    },
    "aws-sdk": {
      "version": "2.1354.0",
      "resolved": "https://registry.npmjs.org/aws-sdk/-/aws-sdk-2.1354.0.tgz",
      "integrity": "sha512-3aDxvyuOqMB9DqJguCq6p8momdsz0JR1axwkWOOCzHA7a35+Bw+WLmqt3pWwRjR1tGIwkkZ2CvGJObYHsOuw3w==",
      "requires": {
        "buffer": "4.9.2",
        "events": "1.1.1",
        "ieee754": "1.1.13",
        "jmespath": "0.16.0",
        "querystring": "0.2.0",
        "sax": "1.2.1",
        "url": "0.10.3",
        "util": "^0.12.4",
        "uuid": "8.0.0",
        "xml2js": "0.5.0"
      },
      "dependencies": {
        "buffer": {
          "version": "4.9.2",
          "resolved": "http://registry.npmjs.org/buffer/-/buffer-4.9.2.tgz",
          "integrity": "sha512-xq+q3SRMOxGivLhBNaUdC64hDTQwejJ+H0T/NB1XMtTVEwNTrfFF3gAxiyW0Bu/xWEGhjVKgUcMhCrUy2+uCWg==",
          "requires": {
            "base64-js": "^1.0.2",
            "ieee754": "^1.1.4",
            "isarray": "^1.0.0"
          }
        },
        "ieee754": {
          "version": "1.1.13",
          "resolved": "https://registry.npmjs.org/ieee754/-/ieee754-1.1.13.tgz",
          "integrity": "sha512-4vf7I2LYV/HaWerSo3XmlMkp5eZ83i+/CDluXi/IGTs/O1sejBNhTtnxzmRZfvOUqj7lZjqHkeTvpgSFDlWZTg=="
        },
        "jmespath": {
          "version": "0.16.0",
          "resolved": "https://registry.npmjs.org/jmespath/-/jmespath-0.16.0.tgz",
          "integrity": "sha512-9FzQjJ7MATs1tSpnco1K6ayiYE3figslrXA72G2HQ/n76RzvYlofyi5QM+iX4YRs/pu3yzxlVQSST23+dMDknw=="
        },
        "url": {
          "version": "0.10.3",
          "resolved": "https://registry.npmjs.org/url/-/url-0.10.3.tgz",
          "integrity": "sha512-hzSUW2q06EqL1gKM/a+obYHLIO6ct2hwPuviqTTOcfFVc61UbfJ2Q32+uGL/HCPxKqrdGB5QUwIe7UqlDgwsOQ==",
          "requires": {
            "punycode": "1.3.2",
            "querystring": "0.2.0"
          }
        },
        "uuid": {
          "version": "8.0.0",
          "resolved": "https://registry.npmjs.org/uuid/-/uuid-8.0.0.tgz",
          "integrity": "sha512-jOXGuXZAWdsTH7eZLtyXMqUb9EcWMGZNbL9YcGBJl4MH4nrxHmZJhEHvyLFrkxo+28uLb/NYRcStH48fnD0Vzw=="
        },
        "xml2js": {
          "version": "0.5.0",
          "resolved": "https://registry.npmjs.org/xml2js/-/xml2js-0.5.0.tgz",
          "integrity": "sha512-drPFnkQJik/O+uPKpqSgr22mpuFHqKdbS835iAQrUC73L2F5WkboIRd63ai/2Yg6I1jzifPFKH2NTK+cfglkIA==",
          "requires": {
            "sax": ">=0.6.0",
            "xmlbuilder": "~11.0.0"
          }
        },
        "xmlbuilder": {
          "version": "11.0.1",
          "resolved": "http://registry.npmjs.org/xmlbuilder/-/xmlbuilder-11.0.1.tgz",
          "integrity": "sha512-fDlsI/kFEx7gLvbecc0/ohLG50fugQp8ryHzMTuW9vSa1GJ0XYWKnhsUx7oie3G98+r56aTQIUB4kht42R3JvA=="
        }
      }
    },
    "axios": {
      "version": "0.17.1",
      "resolved": "https://registry.npmjs.org/axios/-/axios-0.17.1.tgz",
      "integrity": "sha1-LY4+XQvb1zJ/kbyBT1xXZg+Bgk0=",
      "requires": {
        "follow-redirects": "^1.2.5",
        "is-buffer": "^1.1.5"
      }
    },
    "base64-js": {
      "version": "1.3.0",
      "resolved": "https://registry.npmjs.org/base64-js/-/base64-js-1.3.0.tgz",
      "integrity": "sha512-ccav/yGvoa80BQDljCxsmmQ3Xvx60/UpBIij5QN21W3wBi/hhIC9OoO+KLpu9IJTS9j4DRVJ3aDDF9cMSoa2lw=="
    },
    "buffer": {
      "version": "4.9.1",
      "resolved": "http://registry.npmjs.org/buffer/-/buffer-4.9.1.tgz",
      "integrity": "sha1-bRu2AbB6TvztlwlBMgkwJ8lbwpg=",
      "requires": {
        "base64-js": "^1.0.2",
        "ieee754": "^1.1.4",
        "isarray": "^1.0.0"
      }
    },
    "buffer-equal-constant-time": {
      "version": "1.0.1",
      "resolved": "https://registry.npmjs.org/buffer-equal-constant-time/-/buffer-equal-constant-time-1.0.1.tgz",
      "integrity": "sha512-zRpUiDwd/xk6ADqPMATG8vc9VPrkck7T07OIx0gnjmJAnHnTVXNQG3vfvWNuiZIkwu9KrKdA1iJKfsfTVxE6NA=="
    },
    "call-bind": {
      "version": "1.0.2",
      "resolved": "https://registry.npmjs.org/call-bind/-/call-bind-1.0.2.tgz",
      "integrity": "sha512-7O+FbCihrB5WGbFYesctwmTKae6rOiIzmz1icreWJ+0aA7LJfuqhEso2T9ncpcFtzMQtzXf2QGGueWJGTYsqrA==",
      "requires": {
        "function-bind": "^1.1.1",
        "get-intrinsic": "^1.0.2"
      }
    },
    "crypto-js": {
      "version": "3.3.0",
      "resolved": "https://registry.npmjs.org/crypto-js/-/crypto-js-3.3.0.tgz",
      "integrity": "sha512-DIT51nX0dCfKltpRiXV+/TVZq+Qq2NgF4644+K7Ttnla7zEzqc+kjJyiB96BHNyUTBxyjzRcZYpUdZa+QAqi6Q=="
    },
    "data-uri-to-buffer": {
      "version": "4.0.1",
      "resolved": "https://registry.npmjs.org/data-uri-to-buffer/-/data-uri-to-buffer-4.0.1.tgz",
      "integrity": "sha512-0R9ikRb668HB7QDxT1vkpuUBtqc53YyAwMwGeUFKRojY/NWKvdZ+9UYtRfGmhqNbRkTSVpMbmyhXipFFv2cb/A=="
    },
    "ecdsa-sig-formatter": {
      "version": "1.0.11",
      "resolved": "https://registry.npmjs.org/ecdsa-sig-formatter/-/ecdsa-sig-formatter-1.0.11.tgz",
      "integrity": "sha512-nagl3RYrbNv6kQkeJIpt6NJZy8twLB/2vtz6yN9Z4vRKHN4/QZJIEbqohALSgwKdnksuY3k5Addp5lg8sVoVcQ==",
      "requires": {
        "safe-buffer": "^5.0.1"
      }
    },
    "events": {
      "version": "1.1.1",
      "resolved": "http://registry.npmjs.org/events/-/events-1.1.1.tgz",
      "integrity": "sha1-nr23Y1rQmccNzEwqH1AEKI6L2SQ="
    },
    "fetch-blob": {
      "version": "3.2.0",
      "resolved": "https://registry.npmjs.org/fetch-blob/-/fetch-blob-3.2.0.tgz",
      "integrity": "sha512-7yAQpD2UMJzLi1Dqv7qFYnPbaPx7ZfFK6PiIxQ4PfkGPyNyl2Ugx+a/umUonmKqjhM4DnfbMvdX6otXq83soQQ==",
      "requires": {
        "node-domexception": "^1.0.0",
        "web-streams-polyfill": "^3.0.3"
      }
    },
    "follow-redirects": {
      "version": "1.14.8",
      "resolved": "https://registry.npmjs.org/follow-redirects/-/follow-redirects-1.14.8.tgz",
      "integrity": "sha512-1x0S9UVJHsQprFcEC/qnNzBLcIxsjAV905f/UkQxbclCsoTWlacCNOpQa/anodLl2uaEKFhfWOvM2Qg77+15zA=="
    },
    "for-each": {
      "version": "0.3.3",
      "resolved": "https://registry.npmjs.org/for-each/-/for-each-0.3.3.tgz",
      "integrity": "sha512-jqYfLp7mo9vIyQf8ykW2v7A+2N4QjeCeI5+Dz9XraiO1ign81wjiH7Fb9vSOWvQfNtmSa4H2RoQTrrXivdUZmw==",
      "requires": {
        "is-callable": "^1.1.3"
      }
    },
    "formdata-polyfill": {
      "version": "4.0.10",
      "resolved": "https://registry.npmjs.org/formdata-polyfill/-/formdata-polyfill-4.0.10.tgz",
      "integrity": "sha512-buewHzMvYL29jdeQTVILecSaZKnt/RJWjoZCF5OW60Z67/GmSLBkOFM7qh1PI3zFNtJbaZL5eQu1vLfazOwj4g==",
      "requires": {
        "fetch-blob": "^3.1.2"
      }
    },
    "function-bind": {
      "version": "1.1.1",
      "resolved": "https://registry.npmjs.org/function-bind/-/function-bind-1.1.1.tgz",
      "integrity": "sha512-yIovAzMX49sF8Yl58fSCWJ5svSLuaibPxXQJFLmBObTuCr0Mf1KiPopGM9NiFjiYBCbfaa2Fh6breQ6ANVTI0A=="
    },
    "get-intrinsic": {
      "version": "1.2.0",
      "resolved": "https://registry.npmjs.org/get-intrinsic/-/get-intrinsic-1.2.0.tgz",
      "integrity": "sha512-L049y6nFOuom5wGyRc3/gdTLO94dySVKRACj1RmJZBQXlbTMhtNIgkWkUHq+jYmZvKf14EW1EoJnnjbmoHij0Q==",
      "requires": {
        "function-bind": "^1.1.1",
        "has": "^1.0.3",
        "has-symbols": "^1.0.3"
      }
    },
    "gopd": {
      "version": "1.0.1",
      "resolved": "https://registry.npmjs.org/gopd/-/gopd-1.0.1.tgz",
      "integrity": "sha512-d65bNlIadxvpb/A2abVdlqKqV563juRnZ1Wtk6s1sIR8uNsXR70xqIzVqxVf1eTqDunwT2MkczEeaezCKTZhwA==",
      "requires": {
        "get-intrinsic": "^1.1.3"
      }
    },
    "graphql": {
      "version": "0.13.0",
      "resolved": "http://registry.npmjs.org/graphql/-/graphql-0.13.0.tgz",
      "integrity": "sha512-WlO+ZJT9aY3YrBT+H5Kk+eVb3OVVehB9iRD/xqeHdmrrn4AFl5FIcOpfHz/vnBr6Y6JthGMlnFqU8XRnDjSR7A==",
      "requires": {
        "iterall": "1.1.x"
      }
    },
    "has": {
      "version": "1.0.3",
      "resolved": "https://registry.npmjs.org/has/-/has-1.0.3.tgz",
      "integrity": "sha512-f2dvO0VU6Oej7RkWJGrehjbzMAjFp5/VKPp5tTpWIV4JHHZK1/BxbFRtf/siA2SWTe09caDmVtYYzWEIbBS4zw==",
      "requires": {
        "function-bind": "^1.1.1"
      }
    },
    "has-symbols": {
      "version": "1.0.3",
      "resolved": "https://registry.npmjs.org/has-symbols/-/has-symbols-1.0.3.tgz",
      "integrity": "sha512-l3LCuF6MgDNwTDKkdYGEihYjt5pRPbEg46rtlmnSPlUbgmB8LOIrKJbYYFBSbnPaJexMKtiPO8hmeRjRz2Td+A=="
    },
    "has-tostringtag": {
      "version": "1.0.0",
      "resolved": "https://registry.npmjs.org/has-tostringtag/-/has-tostringtag-1.0.0.tgz",
      "integrity": "sha512-kFjcSNhnlGV1kyoGk7OXKSawH5JOb/LzUc5w9B02hOTO0dfFRjbHQKvg1d6cf3HbeUmtU9VbbV3qzZ2Teh97WQ==",
      "requires": {
        "has-symbols": "^1.0.2"
      }
    },
    "ieee754": {
      "version": "1.1.12",
      "resolved": "https://registry.npmjs.org/ieee754/-/ieee754-1.1.12.tgz",
      "integrity": "sha512-GguP+DRY+pJ3soyIiGPTvdiVXjZ+DbXOxGpXn3eMvNW4x4irjqXm4wHKscC+TfxSJ0yw/S1F24tqdMNsMZTiLA=="
    },
    "inherits": {
      "version": "2.0.4",
      "resolved": "https://registry.npmjs.org/inherits/-/inherits-2.0.4.tgz",
      "integrity": "sha512-k/vGaX4/Yla3WzyMCvTQOXYeIHvqOKtnqBduzTHpzpQZzAskKMhZ2K+EnBiSM9zGSoIFeMpXKxa4dYeZIQqewQ=="
    },
    "is-arguments": {
      "version": "1.1.1",
      "resolved": "https://registry.npmjs.org/is-arguments/-/is-arguments-1.1.1.tgz",
      "integrity": "sha512-8Q7EARjzEnKpt/PCD7e1cgUS0a6X8u5tdSiMqXhojOdoV9TsMsiO+9VLC5vAmO8N7/GmXn7yjR8qnA6bVAEzfA==",
      "requires": {
        "call-bind": "^1.0.2",
        "has-tostringtag": "^1.0.0"
      }
    },
    "is-buffer": {
      "version": "1.1.6",
      "resolved": "https://registry.npmjs.org/is-buffer/-/is-buffer-1.1.6.tgz",
      "integrity": "sha512-NcdALwpXkTm5Zvvbk7owOUSvVvBKDgKP5/ewfXEznmQFfs4ZRmanOeKBTjRVjka3QFoN6XJ+9F3USqfHqTaU5w=="
    },
    "is-callable": {
      "version": "1.2.7",
      "resolved": "https://registry.npmjs.org/is-callable/-/is-callable-1.2.7.tgz",
      "integrity": "sha512-1BC0BVFhS/p0qtw6enp8e+8OD0UrK0oFLztSjNzhcKA3WDuJxxAPXzPuPtKkjEY9UUoEWlX/8fgKeu2S8i9JTA=="
    },
    "is-generator-function": {
      "version": "1.0.10",
      "resolved": "https://registry.npmjs.org/is-generator-function/-/is-generator-function-1.0.10.tgz",
      "integrity": "sha512-jsEjy9l3yiXEQ+PsXdmBwEPcOxaXWLspKdplFUVI9vq1iZgIekeC0L167qeu86czQaxed3q/Uzuw0swL0irL8A==",
      "requires": {
        "has-tostringtag": "^1.0.0"
      }
    },
    "is-typed-array": {
      "version": "1.1.10",
      "resolved": "https://registry.npmjs.org/is-typed-array/-/is-typed-array-1.1.10.tgz",
      "integrity": "sha512-PJqgEHiWZvMpaFZ3uTc8kHPM4+4ADTlDniuQL7cU/UDA0Ql7F70yGfHph3cLNe+c9toaigv+DFzTJKhc2CtO6A==",
      "requires": {
        "available-typed-arrays": "^1.0.5",
        "call-bind": "^1.0.2",
        "for-each": "^0.3.3",
        "gopd": "^1.0.1",
        "has-tostringtag": "^1.0.0"
      }
    },
    "isarray": {
      "version": "1.0.0",
      "resolved": "https://registry.npmjs.org/isarray/-/isarray-1.0.0.tgz",
      "integrity": "sha1-u5NdSFgsuhaMBoNJV6VKPgcSTxE="
    },
    "iterall": {
      "version": "1.1.4",
      "resolved": "https://registry.npmjs.org/iterall/-/iterall-1.1.4.tgz",
      "integrity": "sha512-eaDsM/PY8D/X5mYQhecVc5/9xvSHED7yPON+ffQroBeTuqUVm7dfphMkK8NksXuImqZlVRoKtrNfMIVCYIqaUQ=="
    },
    "jmespath": {
      "version": "0.15.0",
      "resolved": "https://registry.npmjs.org/jmespath/-/jmespath-0.15.0.tgz",
      "integrity": "sha1-o/Iiqarp+Wb10nx5ZRDigJF2Qhc="
    },
    "js-cookie": {
      "version": "2.2.0",
      "resolved": "https://registry.npmjs.org/js-cookie/-/js-cookie-2.2.0.tgz",
      "integrity": "sha1-Gywnmm7s44ChIWi5JIUmWzWx7/s="
    },
    "jsonwebtoken": {
      "version": "9.0.0",
      "resolved": "https://registry.npmjs.org/jsonwebtoken/-/jsonwebtoken-9.0.0.tgz",
      "integrity": "sha512-tuGfYXxkQGDPnLJ7SibiQgVgeDgfbPq2k2ICcbgqW8WxWLBAxKQM/ZCu/IT8SOSwmaYl4dpTFCW5xZv7YbbWUw==",
      "requires": {
        "jws": "^3.2.2",
        "lodash": "^4.17.21",
        "ms": "^2.1.1",
        "semver": "^7.3.8"
      }
    },
    "jwa": {
      "version": "1.4.1",
      "resolved": "https://registry.npmjs.org/jwa/-/jwa-1.4.1.tgz",
      "integrity": "sha512-qiLX/xhEEFKUAJ6FiBMbes3w9ATzyk5W7Hvzpa/SLYdxNtng+gcurvrI7TbACjIXlsJyr05/S1oUhZrc63evQA==",
      "requires": {
        "buffer-equal-constant-time": "1.0.1",
        "ecdsa-sig-formatter": "1.0.11",
        "safe-buffer": "^5.0.1"
      }
    },
    "jws": {
      "version": "3.2.2",
      "resolved": "https://registry.npmjs.org/jws/-/jws-3.2.2.tgz",
      "integrity": "sha512-YHlZCB6lMTllWDtSPHz/ZXTsi8S00usEV6v1tjq8tOUZzw7DpSDWVXjXDre6ed1w/pd495ODpHZYSdkRTsa0HA==",
      "requires": {
        "jwa": "^1.4.1",
        "safe-buffer": "^5.0.1"
      }
    },
    "lodash": {
      "version": "4.17.21",
      "resolved": "https://registry.npmjs.org/lodash/-/lodash-4.17.21.tgz",
      "integrity": "sha512-v2kDEe57lecTulaDIuNTPy3Ry4gLGJ6Z1O3vE1krgXZNrsQ+LFTGHVxVjcXPs17LhbZVGedAJv8XZ1tvj5FvSg=="
    },
    "lru-cache": {
      "version": "6.0.0",
      "resolved": "https://registry.npmjs.org/lru-cache/-/lru-cache-6.0.0.tgz",
      "integrity": "sha512-Jo6dJ04CmSjuznwJSS3pUeWmd/H0ffTlkXXgwZi+eq1UCmqQwCh+eLsYOYCwY991i2Fah4h1BEMCx4qThGbsiA==",
      "requires": {
        "yallist": "^4.0.0"
      }
    },
    "ms": {
      "version": "2.1.3",
      "resolved": "https://registry.npmjs.org/ms/-/ms-2.1.3.tgz",
      "integrity": "sha512-6FlzubTLZG3J2a/NVCAleEhjzq5oxgHyaCU9yYXvcLsvoVaHJq/s5xXI6/XXP6tz7R9xAOtHnSO/tXtF3WRTlA=="
    },
    "node-domexception": {
      "version": "1.0.0",
      "resolved": "https://registry.npmjs.org/node-domexception/-/node-domexception-1.0.0.tgz",
      "integrity": "sha512-/jKZoMpw0F8GRwl4/eLROPA3cfcXtLApP0QzLmUT/HuPCZWyB7IY9ZrMeKw2O/nFIqPQB3PVM9aYm0F312AXDQ=="
    },
    "node-fetch": {
      "version": "3.2.10",
      "resolved": "https://registry.npmjs.org/node-fetch/-/node-fetch-3.2.10.tgz",
      "integrity": "sha512-MhuzNwdURnZ1Cp4XTazr69K0BTizsBroX7Zx3UgDSVcZYKF/6p0CBe4EUb/hLqmzVhl0UpYfgRljQ4yxE+iCxA==",
      "requires": {
        "data-uri-to-buffer": "^4.0.0",
        "fetch-blob": "^3.1.4",
        "formdata-polyfill": "^4.0.10"
      }
    },
    "punycode": {
      "version": "1.3.2",
      "resolved": "https://registry.npmjs.org/punycode/-/punycode-1.3.2.tgz",
      "integrity": "sha1-llOgNvt8HuQjQvIyXM7v6jkmxI0="
    },
    "querystring": {
      "version": "0.2.0",
      "resolved": "https://registry.npmjs.org/querystring/-/querystring-0.2.0.tgz",
      "integrity": "sha1-sgmEkgO7Jd+CDadW50cAWHhSFiA="
    },
    "safe-buffer": {
      "version": "5.2.1",
      "resolved": "https://registry.npmjs.org/safe-buffer/-/safe-buffer-5.2.1.tgz",
      "integrity": "sha512-rp3So07KcdmmKbGvgaNxQSJr7bGVSVk5S9Eq1F+ppbRo70+YeaDxkw5Dd8NPN+GD6bjnYm2VuPuCXmpuYvmCXQ=="
    },
    "sax": {
      "version": "1.2.1",
      "resolved": "http://registry.npmjs.org/sax/-/sax-1.2.1.tgz",
      "integrity": "sha1-e45lYZCyKOgaZq6nSEgNgozS03o="
    },
    "semver": {
      "version": "7.5.3",
      "resolved": "https://registry.npmjs.org/semver/-/semver-7.5.3.tgz",
      "integrity": "sha512-QBlUtyVk/5EeHbi7X0fw6liDZc7BBmEaSYn01fMU1OUYbf6GPsbTtd8WmnqbI20SeycoHSeiybkE/q1Q+qlThQ==",
      "requires": {
        "lru-cache": "^6.0.0"
      }
    },
    "url": {
      "version": "0.11.0",
      "resolved": "https://registry.npmjs.org/url/-/url-0.11.0.tgz",
      "integrity": "sha1-ODjpfPxgUh63PFJajlW/3Z4uKPE=",
      "requires": {
        "punycode": "1.3.2",
        "querystring": "0.2.0"
      }
    },
    "util": {
      "version": "0.12.5",
      "resolved": "https://registry.npmjs.org/util/-/util-0.12.5.tgz",
      "integrity": "sha512-kZf/K6hEIrWHI6XqOFUiiMa+79wE/D8Q+NCNAWclkyg3b4d2k7s0QGepNjiABc+aR3N1PAyHL7p6UcLY6LmrnA==",
      "requires": {
        "inherits": "^2.0.3",
        "is-arguments": "^1.0.4",
        "is-generator-function": "^1.0.7",
        "is-typed-array": "^1.1.3",
        "which-typed-array": "^1.1.2"
      }
    },
    "uuid": {
      "version": "3.3.2",
      "resolved": "https://registry.npmjs.org/uuid/-/uuid-3.3.2.tgz",
      "integrity": "sha512-yXJmeNaw3DnnKAOKJE51sL/ZaYfWJRl1pK9dr19YFCu0ObS231AB1/LbqTKRAQ5kw8A90rA6fr4riOUpTZvQZA=="
    },
    "web-streams-polyfill": {
      "version": "3.2.1",
      "resolved": "https://registry.npmjs.org/web-streams-polyfill/-/web-streams-polyfill-3.2.1.tgz",
      "integrity": "sha512-e0MO3wdXWKrLbL0DgGnUV7WHVuw9OUvL4hjgnPkIeEvESk74gAITi5G606JtZPp39cd8HA9VQzCIvA49LpPN5Q=="
    },
    "which-typed-array": {
      "version": "1.1.9",
      "resolved": "https://registry.npmjs.org/which-typed-array/-/which-typed-array-1.1.9.tgz",
      "integrity": "sha512-w9c4xkx6mPidwp7180ckYWfMmvxpjlZuIudNtDf4N/tTAUB8VJbX25qZoAsrtGuYNnGw3pa0AXgbGKRB8/EceA==",
      "requires": {
        "available-typed-arrays": "^1.0.5",
        "call-bind": "^1.0.2",
        "for-each": "^0.3.3",
        "gopd": "^1.0.1",
        "has-tostringtag": "^1.0.0",
        "is-typed-array": "^1.1.10"
      }
    },
    "xml2js": {
      "version": "0.4.19",
      "resolved": "https://registry.npmjs.org/xml2js/-/xml2js-0.4.19.tgz",
      "integrity": "sha512-esZnJZJOiJR9wWKMyuvSE1y6Dq5LCuJanqhxslH2bxM6duahNZ+HMpCLhBQGZkbX6xRf8x1Y2eJlgt2q3qo49Q==",
      "requires": {
        "sax": ">=0.6.0",
        "xmlbuilder": "~9.0.1"
      }
    },
    "xmlbuilder": {
      "version": "9.0.7",
      "resolved": "http://registry.npmjs.org/xmlbuilder/-/xmlbuilder-9.0.7.tgz",
      "integrity": "sha1-Ey7mPS7FVlxVfiD0wi35rKaGsQ0="
    },
    "yallist": {
      "version": "4.0.0",
      "resolved": "https://registry.npmjs.org/yallist/-/yallist-4.0.0.tgz",
      "integrity": "sha512-3wdGidZyq5PB084XLES5TpOSRA3wjXAlIWMhum2kRcv/41Sn2emQ0dycQW4uZXLejwKvg6EsvbdlVL+FYEct7A=="
    },
    "zen-observable": {
      "version": "0.8.11",
      "resolved": "https://registry.npmjs.org/zen-observable/-/zen-observable-0.8.11.tgz",
      "integrity": "sha512-N3xXQVr4L61rZvGMpWe8XoCGX8vhU35dPyQ4fm5CY/KDlG0F75un14hjbckPXTDuKUY6V0dqR2giT6xN8Y4GEQ=="
    }
  }
}
